
Microsoft Visual Studio Solution File, Format Version 12.00
# Visual Studio Version 16
VisualStudioVersion = 16.0.30330.147
MinimumVisualStudioVersion = 10.0.40219.1
Project("{FAE04EC0-301F-11D3-BF4B-00C04F79EFBC}") = "MonoGame3.8Panther", "MonoGame3.8Panther\MonoGame3.8Panther.csproj", "{43F9BAD0-17B4-4643-971C-080CEF9E745C}"
EndProject
Global
	GlobalSection(SolutionConfigurationPlatforms) = preSolution
		Debug|Any CPU = Debug|Any CPU
		Release|Any CPU = Release|Any CPU
	EndGlobalSection
	GlobalSection(ProjectConfigurationPlatforms) = postSolution
		{43F9BAD0-17B4-4643-971C-080CEF9E745C}.Debug|Any CPU.ActiveCfg = Debug|Any CPU
		{43F9BAD0-17B4-4643-971C-080CEF9E745C}.Debug|Any CPU.Build.0 = Debug|Any CPU
		{43F9BAD0-17B4-4643-971C-080CEF9E745C}.Release|Any CPU.ActiveCfg = Release|Any CPU
		{43F9BAD0-17B4-4643-971C-080CEF9E745C}.Release|Any CPU.Build.0 = Release|Any CPU
	EndGlobalSection
	GlobalSection(SolutionProperties) = preSolution
		HideSolutionNode = FALSE
	EndGlobalSection
	GlobalSection(ExtensibilityGlobals) = postSolution
		SolutionGuid = {6E4DA80D-3992-4879-99D8-CF024D48E12C}
	EndGlobalSection
EndGlobal
